<?xml version="1.0" encoding="utf-8"?>
<Project ToolsVersion="16.0" xmlns="http://schemas.microsoft.com/developer/msbuild/2003">
  <ItemGroup>
    <CustomBuild Include="C:\Users\chj\Desktop\Repository\CMake_test\6auto_add_source\b\CMakeFiles\ea1d9d67679c2d62f0c677970ced65be\generate.stamp.rule">
      <Filter>CMake Rules</Filter>
    </CustomBuild>
  </ItemGroup>
  <ItemGroup>
    <Filter Include="CMake Rules">
      <UniqueIdentifier>{84612265-59C5-3C40-86AD-9562633BE679}</UniqueIdentifier>
    </Filter>
  </ItemGroup>
</Project>
